
Microsoft Visual Studio Solution File, Format Version 12.00
# Visual Studio 15
VisualStudioVersion = 15.0.26228.10
MinimumVisualStudioVersion = 10.0.40219.1
Project("{FAE04EC0-301F-11D3-BF4B-00C04F79EFBC}") = "MvvmStarter", "MvvmStarter\MvvmStarter.csproj", "{89EB41DF-3D48-42C4-86B8-4C99FE7C0266}"
EndProject
Project("{FAE04EC0-301F-11D3-BF4B-00C04F79EFBC}") = "CatApp.ViewModels", "CatApp.ViewModels\CatApp.ViewModels.csproj", "{B37769A1-4BF1-4F24-9BFE-E4D071041E75}"
EndProject
Project("{FAE04EC0-301F-11D3-BF4B-00C04F79EFBC}") = "CatApp.Models", "CatApp.Models\CatApp.Models.csproj", "{98482F4A-BEB3-4BB4-9DDD-DB31683C97B0}"
EndProject
Project("{FAE04EC0-301F-11D3-BF4B-00C04F79EFBC}") = "CatApp.BL", "CatApp.BL\CatApp.BL.csproj", "{77625A73-63F6-48C9-B9DC-4AB16F4C9383}"
EndProject
Project("{FAE04EC0-301F-11D3-BF4B-00C04F79EFBC}") = "CatApp.UWP", "CatApp.UWP\CatApp.UWP.csproj", "{E584318B-FEDC-480F-A1D3-BEC7A37F29DB}"
	ProjectSection(ProjectDependencies) = postProject
		{59276113-783A-42C3-A6AF-BBF7178780EB} = {59276113-783A-42C3-A6AF-BBF7178780EB}
	EndProjectSection
EndProject
Project("{FAE04EC0-301F-11D3-BF4B-00C04F79EFBC}") = "CatApp.Adapters", "CatApp.Adapters\CatApp.Adapters.csproj", "{59276113-783A-42C3-A6AF-BBF7178780EB}"
EndProject
Project("{FAE04EC0-301F-11D3-BF4B-00C04F79EFBC}") = "CatApp.UWP.Adapters", "CatApp.UWP.Adapters\CatApp.UWP.Adapters.csproj", "{C4082D48-36E7-49A4-B59A-C43613A50101}"
EndProject
Project("{2150E333-8FDC-42A3-9474-1A3956D46DE8}") = "UWP", "UWP", "{0955536E-4E22-40DA-9633-23B916BE2397}"
EndProject
Project("{2150E333-8FDC-42A3-9474-1A3956D46DE8}") = "Shared", "Shared", "{0E342397-7CF5-45BB-9F43-A6093A64B586}"
EndProject
Global
	GlobalSection(SolutionConfigurationPlatforms) = preSolution
		Debug|Any CPU = Debug|Any CPU
		Debug|ARM = Debug|ARM
		Debug|x64 = Debug|x64
		Debug|x86 = Debug|x86
		Release|Any CPU = Release|Any CPU
		Release|ARM = Release|ARM
		Release|x64 = Release|x64
		Release|x86 = Release|x86
	EndGlobalSection
	GlobalSection(ProjectConfigurationPlatforms) = postSolution
		{89EB41DF-3D48-42C4-86B8-4C99FE7C0266}.Debug|Any CPU.ActiveCfg = Debug|x86
		{89EB41DF-3D48-42C4-86B8-4C99FE7C0266}.Debug|ARM.ActiveCfg = Debug|ARM
		{89EB41DF-3D48-42C4-86B8-4C99FE7C0266}.Debug|ARM.Build.0 = Debug|ARM
		{89EB41DF-3D48-42C4-86B8-4C99FE7C0266}.Debug|ARM.Deploy.0 = Debug|ARM
		{89EB41DF-3D48-42C4-86B8-4C99FE7C0266}.Debug|x64.ActiveCfg = Debug|x64
		{89EB41DF-3D48-42C4-86B8-4C99FE7C0266}.Debug|x64.Build.0 = Debug|x64
		{89EB41DF-3D48-42C4-86B8-4C99FE7C0266}.Debug|x64.Deploy.0 = Debug|x64
		{89EB41DF-3D48-42C4-86B8-4C99FE7C0266}.Debug|x86.ActiveCfg = Debug|x86
		{89EB41DF-3D48-42C4-86B8-4C99FE7C0266}.Debug|x86.Build.0 = Debug|x86
		{89EB41DF-3D48-42C4-86B8-4C99FE7C0266}.Debug|x86.Deploy.0 = Debug|x86
		{89EB41DF-3D48-42C4-86B8-4C99FE7C0266}.Release|Any CPU.ActiveCfg = Release|x86
		{89EB41DF-3D48-42C4-86B8-4C99FE7C0266}.Release|ARM.ActiveCfg = Release|ARM
		{89EB41DF-3D48-42C4-86B8-4C99FE7C0266}.Release|ARM.Build.0 = Release|ARM
		{89EB41DF-3D48-42C4-86B8-4C99FE7C0266}.Release|ARM.Deploy.0 = Release|ARM
		{89EB41DF-3D48-42C4-86B8-4C99FE7C0266}.Release|x64.ActiveCfg = Release|x64
		{89EB41DF-3D48-42C4-86B8-4C99FE7C0266}.Release|x64.Build.0 = Release|x64
		{89EB41DF-3D48-42C4-86B8-4C99FE7C0266}.Release|x64.Deploy.0 = Release|x64
		{89EB41DF-3D48-42C4-86B8-4C99FE7C0266}.Release|x86.ActiveCfg = Release|x86
		{89EB41DF-3D48-42C4-86B8-4C99FE7C0266}.Release|x86.Build.0 = Release|x86
		{89EB41DF-3D48-42C4-86B8-4C99FE7C0266}.Release|x86.Deploy.0 = Release|x86
		{B37769A1-4BF1-4F24-9BFE-E4D071041E75}.Debug|Any CPU.ActiveCfg = Debug|Any CPU
		{B37769A1-4BF1-4F24-9BFE-E4D071041E75}.Debug|Any CPU.Build.0 = Debug|Any CPU
		{B37769A1-4BF1-4F24-9BFE-E4D071041E75}.Debug|ARM.ActiveCfg = Debug|Any CPU
		{B37769A1-4BF1-4F24-9BFE-E4D071041E75}.Debug|ARM.Build.0 = Debug|Any CPU
		{B37769A1-4BF1-4F24-9BFE-E4D071041E75}.Debug|x64.ActiveCfg = Debug|Any CPU
		{B37769A1-4BF1-4F24-9BFE-E4D071041E75}.Debug|x64.Build.0 = Debug|Any CPU
		{B37769A1-4BF1-4F24-9BFE-E4D071041E75}.Debug|x86.ActiveCfg = Debug|Any CPU
		{B37769A1-4BF1-4F24-9BFE-E4D071041E75}.Debug|x86.Build.0 = Debug|Any CPU
		{B37769A1-4BF1-4F24-9BFE-E4D071041E75}.Release|Any CPU.ActiveCfg = Release|Any CPU
		{B37769A1-4BF1-4F24-9BFE-E4D071041E75}.Release|Any CPU.Build.0 = Release|Any CPU
		{B37769A1-4BF1-4F24-9BFE-E4D071041E75}.Release|ARM.ActiveCfg = Release|Any CPU
		{B37769A1-4BF1-4F24-9BFE-E4D071041E75}.Release|ARM.Build.0 = Release|Any CPU
		{B37769A1-4BF1-4F24-9BFE-E4D071041E75}.Release|x64.ActiveCfg = Release|Any CPU
		{B37769A1-4BF1-4F24-9BFE-E4D071041E75}.Release|x64.Build.0 = Release|Any CPU
		{B37769A1-4BF1-4F24-9BFE-E4D071041E75}.Release|x86.ActiveCfg = Release|Any CPU
		{B37769A1-4BF1-4F24-9BFE-E4D071041E75}.Release|x86.Build.0 = Release|Any CPU
		{98482F4A-BEB3-4BB4-9DDD-DB31683C97B0}.Debug|Any CPU.ActiveCfg = Debug|Any CPU
		{98482F4A-BEB3-4BB4-9DDD-DB31683C97B0}.Debug|Any CPU.Build.0 = Debug|Any CPU
		{98482F4A-BEB3-4BB4-9DDD-DB31683C97B0}.Debug|ARM.ActiveCfg = Debug|Any CPU
		{98482F4A-BEB3-4BB4-9DDD-DB31683C97B0}.Debug|ARM.Build.0 = Debug|Any CPU
		{98482F4A-BEB3-4BB4-9DDD-DB31683C97B0}.Debug|x64.ActiveCfg = Debug|Any CPU
		{98482F4A-BEB3-4BB4-9DDD-DB31683C97B0}.Debug|x64.Build.0 = Debug|Any CPU
		{98482F4A-BEB3-4BB4-9DDD-DB31683C97B0}.Debug|x86.ActiveCfg = Debug|Any CPU
		{98482F4A-BEB3-4BB4-9DDD-DB31683C97B0}.Debug|x86.Build.0 = Debug|Any CPU
		{98482F4A-BEB3-4BB4-9DDD-DB31683C97B0}.Release|Any CPU.ActiveCfg = Release|Any CPU
		{98482F4A-BEB3-4BB4-9DDD-DB31683C97B0}.Release|Any CPU.Build.0 = Release|Any CPU
		{98482F4A-BEB3-4BB4-9DDD-DB31683C97B0}.Release|ARM.ActiveCfg = Release|Any CPU
		{98482F4A-BEB3-4BB4-9DDD-DB31683C97B0}.Release|ARM.Build.0 = Release|Any CPU
		{98482F4A-BEB3-4BB4-9DDD-DB31683C97B0}.Release|x64.ActiveCfg = Release|Any CPU
		{98482F4A-BEB3-4BB4-9DDD-DB31683C97B0}.Release|x64.Build.0 = Release|Any CPU
		{98482F4A-BEB3-4BB4-9DDD-DB31683C97B0}.Release|x86.ActiveCfg = Release|Any CPU
		{98482F4A-BEB3-4BB4-9DDD-DB31683C97B0}.Release|x86.Build.0 = Release|Any CPU
		{77625A73-63F6-48C9-B9DC-4AB16F4C9383}.Debug|Any CPU.ActiveCfg = Debug|Any CPU
		{77625A73-63F6-48C9-B9DC-4AB16F4C9383}.Debug|Any CPU.Build.0 = Debug|Any CPU
		{77625A73-63F6-48C9-B9DC-4AB16F4C9383}.Debug|ARM.ActiveCfg = Debug|Any CPU
		{77625A73-63F6-48C9-B9DC-4AB16F4C9383}.Debug|ARM.Build.0 = Debug|Any CPU
		{77625A73-63F6-48C9-B9DC-4AB16F4C9383}.Debug|x64.ActiveCfg = Debug|Any CPU
		{77625A73-63F6-48C9-B9DC-4AB16F4C9383}.Debug|x64.Build.0 = Debug|Any CPU
		{77625A73-63F6-48C9-B9DC-4AB16F4C9383}.Debug|x86.ActiveCfg = Debug|Any CPU
		{77625A73-63F6-48C9-B9DC-4AB16F4C9383}.Debug|x86.Build.0 = Debug|Any CPU
		{77625A73-63F6-48C9-B9DC-4AB16F4C9383}.Release|Any CPU.ActiveCfg = Release|Any CPU
		{77625A73-63F6-48C9-B9DC-4AB16F4C9383}.Release|Any CPU.Build.0 = Release|Any CPU
		{77625A73-63F6-48C9-B9DC-4AB16F4C9383}.Release|ARM.ActiveCfg = Release|Any CPU
		{77625A73-63F6-48C9-B9DC-4AB16F4C9383}.Release|ARM.Build.0 = Release|Any CPU
		{77625A73-63F6-48C9-B9DC-4AB16F4C9383}.Release|x64.ActiveCfg = Release|Any CPU
		{77625A73-63F6-48C9-B9DC-4AB16F4C9383}.Release|x64.Build.0 = Release|Any CPU
		{77625A73-63F6-48C9-B9DC-4AB16F4C9383}.Release|x86.ActiveCfg = Release|Any CPU
		{77625A73-63F6-48C9-B9DC-4AB16F4C9383}.Release|x86.Build.0 = Release|Any CPU
		{E584318B-FEDC-480F-A1D3-BEC7A37F29DB}.Debug|Any CPU.ActiveCfg = Debug|x86
		{E584318B-FEDC-480F-A1D3-BEC7A37F29DB}.Debug|ARM.ActiveCfg = Debug|ARM
		{E584318B-FEDC-480F-A1D3-BEC7A37F29DB}.Debug|ARM.Build.0 = Debug|ARM
		{E584318B-FEDC-480F-A1D3-BEC7A37F29DB}.Debug|ARM.Deploy.0 = Debug|ARM
		{E584318B-FEDC-480F-A1D3-BEC7A37F29DB}.Debug|x64.ActiveCfg = Debug|x64
		{E584318B-FEDC-480F-A1D3-BEC7A37F29DB}.Debug|x64.Build.0 = Debug|x64
		{E584318B-FEDC-480F-A1D3-BEC7A37F29DB}.Debug|x64.Deploy.0 = Debug|x64
		{E584318B-FEDC-480F-A1D3-BEC7A37F29DB}.Debug|x86.ActiveCfg = Debug|x86
		{E584318B-FEDC-480F-A1D3-BEC7A37F29DB}.Debug|x86.Build.0 = Debug|x86
		{E584318B-FEDC-480F-A1D3-BEC7A37F29DB}.Debug|x86.Deploy.0 = Debug|x86
		{E584318B-FEDC-480F-A1D3-BEC7A37F29DB}.Release|Any CPU.ActiveCfg = Release|x86
		{E584318B-FEDC-480F-A1D3-BEC7A37F29DB}.Release|ARM.ActiveCfg = Release|ARM
		{E584318B-FEDC-480F-A1D3-BEC7A37F29DB}.Release|ARM.Build.0 = Release|ARM
		{E584318B-FEDC-480F-A1D3-BEC7A37F29DB}.Release|ARM.Deploy.0 = Release|ARM
		{E584318B-FEDC-480F-A1D3-BEC7A37F29DB}.Release|x64.ActiveCfg = Release|x64
		{E584318B-FEDC-480F-A1D3-BEC7A37F29DB}.Release|x64.Build.0 = Release|x64
		{E584318B-FEDC-480F-A1D3-BEC7A37F29DB}.Release|x64.Deploy.0 = Release|x64
		{E584318B-FEDC-480F-A1D3-BEC7A37F29DB}.Release|x86.ActiveCfg = Release|x86
		{E584318B-FEDC-480F-A1D3-BEC7A37F29DB}.Release|x86.Build.0 = Release|x86
		{E584318B-FEDC-480F-A1D3-BEC7A37F29DB}.Release|x86.Deploy.0 = Release|x86
		{59276113-783A-42C3-A6AF-BBF7178780EB}.Debug|Any CPU.ActiveCfg = Debug|Any CPU
		{59276113-783A-42C3-A6AF-BBF7178780EB}.Debug|Any CPU.Build.0 = Debug|Any CPU
		{59276113-783A-42C3-A6AF-BBF7178780EB}.Debug|ARM.ActiveCfg = Debug|Any CPU
		{59276113-783A-42C3-A6AF-BBF7178780EB}.Debug|ARM.Build.0 = Debug|Any CPU
		{59276113-783A-42C3-A6AF-BBF7178780EB}.Debug|x64.ActiveCfg = Debug|Any CPU
		{59276113-783A-42C3-A6AF-BBF7178780EB}.Debug|x64.Build.0 = Debug|Any CPU
		{59276113-783A-42C3-A6AF-BBF7178780EB}.Debug|x86.ActiveCfg = Debug|Any CPU
		{59276113-783A-42C3-A6AF-BBF7178780EB}.Debug|x86.Build.0 = Debug|Any CPU
		{59276113-783A-42C3-A6AF-BBF7178780EB}.Release|Any CPU.ActiveCfg = Release|Any CPU
		{59276113-783A-42C3-A6AF-BBF7178780EB}.Release|Any CPU.Build.0 = Release|Any CPU
		{59276113-783A-42C3-A6AF-BBF7178780EB}.Release|ARM.ActiveCfg = Release|Any CPU
		{59276113-783A-42C3-A6AF-BBF7178780EB}.Release|ARM.Build.0 = Release|Any CPU
		{59276113-783A-42C3-A6AF-BBF7178780EB}.Release|x64.ActiveCfg = Release|Any CPU
		{59276113-783A-42C3-A6AF-BBF7178780EB}.Release|x64.Build.0 = Release|Any CPU
		{59276113-783A-42C3-A6AF-BBF7178780EB}.Release|x86.ActiveCfg = Release|Any CPU
		{59276113-783A-42C3-A6AF-BBF7178780EB}.Release|x86.Build.0 = Release|Any CPU
		{C4082D48-36E7-49A4-B59A-C43613A50101}.Debug|Any CPU.ActiveCfg = Debug|Any CPU
		{C4082D48-36E7-49A4-B59A-C43613A50101}.Debug|Any CPU.Build.0 = Debug|Any CPU
		{C4082D48-36E7-49A4-B59A-C43613A50101}.Debug|ARM.ActiveCfg = Debug|ARM
		{C4082D48-36E7-49A4-B59A-C43613A50101}.Debug|ARM.Build.0 = Debug|ARM
		{C4082D48-36E7-49A4-B59A-C43613A50101}.Debug|x64.ActiveCfg = Debug|x64
		{C4082D48-36E7-49A4-B59A-C43613A50101}.Debug|x64.Build.0 = Debug|x64
		{C4082D48-36E7-49A4-B59A-C43613A50101}.Debug|x86.ActiveCfg = Debug|x86
		{C4082D48-36E7-49A4-B59A-C43613A50101}.Debug|x86.Build.0 = Debug|x86
		{C4082D48-36E7-49A4-B59A-C43613A50101}.Release|Any CPU.ActiveCfg = Release|Any CPU
		{C4082D48-36E7-49A4-B59A-C43613A50101}.Release|Any CPU.Build.0 = Release|Any CPU
		{C4082D48-36E7-49A4-B59A-C43613A50101}.Release|ARM.ActiveCfg = Release|ARM
		{C4082D48-36E7-49A4-B59A-C43613A50101}.Release|ARM.Build.0 = Release|ARM
		{C4082D48-36E7-49A4-B59A-C43613A50101}.Release|x64.ActiveCfg = Release|x64
		{C4082D48-36E7-49A4-B59A-C43613A50101}.Release|x64.Build.0 = Release|x64
		{C4082D48-36E7-49A4-B59A-C43613A50101}.Release|x86.ActiveCfg = Release|x86
		{C4082D48-36E7-49A4-B59A-C43613A50101}.Release|x86.Build.0 = Release|x86
	EndGlobalSection
	GlobalSection(SolutionProperties) = preSolution
		HideSolutionNode = FALSE
	EndGlobalSection
	GlobalSection(NestedProjects) = preSolution
		{B37769A1-4BF1-4F24-9BFE-E4D071041E75} = {0E342397-7CF5-45BB-9F43-A6093A64B586}
		{98482F4A-BEB3-4BB4-9DDD-DB31683C97B0} = {0E342397-7CF5-45BB-9F43-A6093A64B586}
		{77625A73-63F6-48C9-B9DC-4AB16F4C9383} = {0E342397-7CF5-45BB-9F43-A6093A64B586}
		{E584318B-FEDC-480F-A1D3-BEC7A37F29DB} = {0955536E-4E22-40DA-9633-23B916BE2397}
		{59276113-783A-42C3-A6AF-BBF7178780EB} = {0E342397-7CF5-45BB-9F43-A6093A64B586}
		{C4082D48-36E7-49A4-B59A-C43613A50101} = {0955536E-4E22-40DA-9633-23B916BE2397}
	EndGlobalSection
EndGlobal
